
Microsoft Visual Studio Solution File, Format Version 12.00
# Visual Studio Version 17
VisualStudioVersion = 17.0.32002.185
MinimumVisualStudioVersion = 10.0.40219.1
Project("{9A19103F-16F7-4668-BE54-9A1E7A4F7556}") = "OpeniddictServer", "OpeniddictServer\OpeniddictServer.csproj", "{D12043A7-436F-4C60-AE8D-4A4D8EB6076C}"
EndProject
Project("{9A19103F-16F7-4668-BE54-9A1E7A4F7556}") = "ResourceServer", "ResourceServer\ResourceServer.csproj", "{8206AB4E-E954-4A70-B85E-EE956A42A34E}"
EndProject
Project("{E24C65DC-7377-472B-9ABA-BC803B73C61A}") = "AngularCliCodeFlowPkce", "AngularCliCodeFlowPkce\", "{0846DACA-4100-401E-8B01-E7A81BDD642B}"
	ProjectSection(WebsiteProperties) = preProject
		TargetFrameworkMoniker = ".NETFramework,Version%3Dv4.0"
		Debug.AspNetCompiler.VirtualPath = "/localhost_63733"
		Debug.AspNetCompiler.PhysicalPath = "AngularCliCodeFlowPkce\"
		Debug.AspNetCompiler.TargetPath = "PrecompiledWeb\localhost_63733\"
		Debug.AspNetCompiler.Updateable = "true"
		Debug.AspNetCompiler.ForceOverwrite = "true"
		Debug.AspNetCompiler.FixedNames = "false"
		Debug.AspNetCompiler.Debug = "True"
		Release.AspNetCompiler.VirtualPath = "/localhost_63733"
		Release.AspNetCompiler.PhysicalPath = "AngularCliCodeFlowPkce\"
		Release.AspNetCompiler.TargetPath = "PrecompiledWeb\localhost_63733\"
		Release.AspNetCompiler.Updateable = "true"
		Release.AspNetCompiler.ForceOverwrite = "true"
		Release.AspNetCompiler.FixedNames = "false"
		Release.AspNetCompiler.Debug = "False"
		VWDPort = "63733"
		SlnRelativePath = "AngularCliCodeFlowPkce\"
	EndProjectSection
EndProject
Project("{9A19103F-16F7-4668-BE54-9A1E7A4F7556}") = "ProductsResourceServer", "ProductsResourceServer\ProductsResourceServer.csproj", "{B5CECB3A-934F-47F3-A8A8-D6D0387C659F}"
EndProject
Project("{FAE04EC0-301F-11D3-BF4B-00C04F79EFBC}") = "TestResourceServerProject", "TestResourceServerProject\TestResourceServerProject.csproj", "{B3BDECCC-1AFB-45F7-A47A-19A3981C8A6F}"
	ProjectSection(ProjectDependencies) = postProject
		{8206AB4E-E954-4A70-B85E-EE956A42A34E} = {8206AB4E-E954-4A70-B85E-EE956A42A34E}
	EndProjectSection
EndProject
Global
	GlobalSection(SolutionConfigurationPlatforms) = preSolution
		Debug|Any CPU = Debug|Any CPU
		Release|Any CPU = Release|Any CPU
	EndGlobalSection
	GlobalSection(ProjectConfigurationPlatforms) = postSolution
		{D12043A7-436F-4C60-AE8D-4A4D8EB6076C}.Debug|Any CPU.ActiveCfg = Debug|Any CPU
		{D12043A7-436F-4C60-AE8D-4A4D8EB6076C}.Debug|Any CPU.Build.0 = Debug|Any CPU
		{D12043A7-436F-4C60-AE8D-4A4D8EB6076C}.Release|Any CPU.ActiveCfg = Release|Any CPU
		{D12043A7-436F-4C60-AE8D-4A4D8EB6076C}.Release|Any CPU.Build.0 = Release|Any CPU
		{8206AB4E-E954-4A70-B85E-EE956A42A34E}.Debug|Any CPU.ActiveCfg = Debug|Any CPU
		{8206AB4E-E954-4A70-B85E-EE956A42A34E}.Debug|Any CPU.Build.0 = Debug|Any CPU
		{8206AB4E-E954-4A70-B85E-EE956A42A34E}.Release|Any CPU.ActiveCfg = Release|Any CPU
		{8206AB4E-E954-4A70-B85E-EE956A42A34E}.Release|Any CPU.Build.0 = Release|Any CPU
		{0846DACA-4100-401E-8B01-E7A81BDD642B}.Debug|Any CPU.ActiveCfg = Debug|Any CPU
		{0846DACA-4100-401E-8B01-E7A81BDD642B}.Debug|Any CPU.Build.0 = Debug|Any CPU
		{0846DACA-4100-401E-8B01-E7A81BDD642B}.Release|Any CPU.ActiveCfg = Debug|Any CPU
		{0846DACA-4100-401E-8B01-E7A81BDD642B}.Release|Any CPU.Build.0 = Debug|Any CPU
		{B5CECB3A-934F-47F3-A8A8-D6D0387C659F}.Debug|Any CPU.ActiveCfg = Debug|Any CPU
		{B5CECB3A-934F-47F3-A8A8-D6D0387C659F}.Debug|Any CPU.Build.0 = Debug|Any CPU
		{B5CECB3A-934F-47F3-A8A8-D6D0387C659F}.Release|Any CPU.ActiveCfg = Release|Any CPU
		{B5CECB3A-934F-47F3-A8A8-D6D0387C659F}.Release|Any CPU.Build.0 = Release|Any CPU
		{B3BDECCC-1AFB-45F7-A47A-19A3981C8A6F}.Debug|Any CPU.ActiveCfg = Debug|Any CPU
		{B3BDECCC-1AFB-45F7-A47A-19A3981C8A6F}.Debug|Any CPU.Build.0 = Debug|Any CPU
		{B3BDECCC-1AFB-45F7-A47A-19A3981C8A6F}.Release|Any CPU.ActiveCfg = Release|Any CPU
		{B3BDECCC-1AFB-45F7-A47A-19A3981C8A6F}.Release|Any CPU.Build.0 = Release|Any CPU
	EndGlobalSection
	GlobalSection(SolutionProperties) = preSolution
		HideSolutionNode = FALSE
	EndGlobalSection
	GlobalSection(ExtensibilityGlobals) = postSolution
		SolutionGuid = {B5B55BBC-1EEA-47D2-A4D5-0DBA4EE78F99}
	EndGlobalSection
EndGlobal
